// !$*UTF8*$!
{
	archiveVersion = 1;
	classes = {
	};
	objectVersion = 50;
	objects = {

/* Begin PBXBuildFile section */
		041696732A43E918006ACEBB /* Tests_iOS.swift in Sources */ = {isa = PBXBuildFile; fileRef = 041696722A43E918006ACEBB /* Tests_iOS.swift */; };
		0416967E2A43E918006ACEBB /* Tests_macOS.swift in Sources */ = {isa = PBXBuildFile; fileRef = 0416967D2A43E918006ACEBB /* Tests_macOS.swift */; };
		041696802A43E918006ACEBB /* AApp.swift in Sources */ = {isa = PBXBuildFile; fileRef = 041696572A43E914006ACEBB /* AApp.swift */; };
		041696812A43E918006ACEBB /* AApp.swift in Sources */ = {isa = PBXBuildFile; fileRef = 041696572A43E914006ACEBB /* AApp.swift */; };
		041696822A43E918006ACEBB /* ContentView.swift in Sources */ = {isa = PBXBuildFile; fileRef = 041696582A43E914006ACEBB /* ContentView.swift */; };
		041696832A43E918006ACEBB /* ContentView.swift in Sources */ = {isa = PBXBuildFile; fileRef = 041696582A43E914006ACEBB /* ContentView.swift */; };
		041696842A43E918006ACEBB /* Assets.xcassets in Resources */ = {isa = PBXBuildFile; fileRef = 041696592A43E918006ACEBB /* Assets.xcassets */; };
		041696852A43E918006ACEBB /* Assets.xcassets in Resources */ = {isa = PBXBuildFile; fileRef = 041696592A43E918006ACEBB /* Assets.xcassets */; };
/* End PBXBuildFile section */

/* Begin PBXContainerItemProxy section */
		0416966F2A43E918006ACEBB /* PBXContainerItemProxy */ = {
			isa = PBXContainerItemProxy;
			containerPortal = 041696522A43E913006ACEBB /* Project object */;
			proxyType = 1;
			remoteGlobalIDString = 0416965D2A43E918006ACEBB;
			remoteInfo = "A (iOS)";
		};
		0416967A2A43E918006ACEBB /* PBXContainerItemProxy */ = {
			isa = PBXContainerItemProxy;
			containerPortal = 041696522A43E913006ACEBB /* Project object */;
			proxyType = 1;
			remoteGlobalIDString = 041696652A43E918006ACEBB;
			remoteInfo = "A (macOS)";
		};
/* End PBXContainerItemProxy section */

/* Begin PBXFileReference section */
		041696572A43E914006ACEBB /* AApp.swift */ = {isa = PBXFileReference; lastKnownFileType = sourcecode.swift; path = AApp.swift; sourceTree = "<group>"; };
		041696582A43E914006ACEBB /* ContentView.swift */ = {isa = PBXFileReference; lastKnownFileType = sourcecode.swift; path = ContentView.swift; sourceTree = "<group>"; };
		041696592A43E918006ACEBB /* Assets.xcassets */ = {isa = PBXFileReference; lastKnownFileType = folder.assetcatalog; path = Assets.xcassets; sourceTree = "<group>"; };
		0416965E2A43E918006ACEBB /* A.app */ = {isa = PBXFileReference; explicitFileType = wrapper.application; includeInIndex = 0; path = A.app; sourceTree = BUILT_PRODUCTS_DIR; };
		041696612A43E918006ACEBB /* Info.plist */ = {isa = PBXFileReference; lastKnownFileType = text.plist.xml; path = Info.plist; sourceTree = "<group>"; };
		041696662A43E918006ACEBB /* A.app */ = {isa = PBXFileReference; explicitFileType = wrapper.application; includeInIndex = 0; path = A.app; sourceTree = BUILT_PRODUCTS_DIR; };
		041696682A43E918006ACEBB /* Info.plist */ = {isa = PBXFileReference; lastKnownFileType = text.plist.xml; path = Info.plist; sourceTree = "<group>"; };
		041696692A43E918006ACEBB /* macOS.entitlements */ = {isa = PBXFileReference; lastKnownFileType = text.plist.entitlements; path = macOS.entitlements; sourceTree = "<group>"; };
		0416966E2A43E918006ACEBB /* Tests iOS.xctest */ = {isa = PBXFileReference; explicitFileType = wrapper.cfbundle; includeInIndex = 0; path = "Tests iOS.xctest"; sourceTree = BUILT_PRODUCTS_DIR; };
		041696722A43E918006ACEBB /* Tests_iOS.swift */ = {isa = PBXFileReference; lastKnownFileType = sourcecode.swift; path = Tests_iOS.swift; sourceTree = "<group>"; };
		041696742A43E918006ACEBB /* Info.plist */ = {isa = PBXFileReference; lastKnownFileType = text.plist.xml; path = Info.plist; sourceTree = "<group>"; };
		041696792A43E918006ACEBB /* Tests macOS.xctest */ = {isa = PBXFileReference; explicitFileType = wrapper.cfbundle; includeInIndex = 0; path = "Tests macOS.xctest"; sourceTree = BUILT_PRODUCTS_DIR; };
		0416967D2A43E918006ACEBB /* Tests_macOS.swift */ = {isa = PBXFileReference; lastKnownFileType = sourcecode.swift; path = Tests_macOS.swift; sourceTree = "<group>"; };
		0416967F2A43E918006ACEBB /* Info.plist */ = {isa = PBXFileReference; lastKnownFileType = text.plist.xml; path = Info.plist; sourceTree = "<group>"; };
/* End PBXFileReference section */

/* Begin PBXFrameworksBuildPhase section */
		0416965B2A43E918006ACEBB /* Frameworks */ = {
			isa = PBXFrameworksBuildPhase;
			buildActionMask = 2147483647;
			files = (
			);
			runOnlyForDeploymentPostprocessing = 0;
		};
		041696632A43E918006ACEBB /* Frameworks */ = {
			isa = PBXFrameworksBuildPhase;
			buildActionMask = 2147483647;
			files = (
			);
			runOnlyForDeploymentPostprocessing = 0;
		};
		0416966B2A43E918006ACEBB /* Frameworks */ = {
			isa = PBXFrameworksBuildPhase;
			buildActionMask = 2147483647;
			files = (
			);
			runOnlyForDeploymentPostprocessing = 0;
		};
		041696762A43E918006ACEBB /* Frameworks */ = {
			isa = PBXFrameworksBuildPhase;
			buildActionMask = 2147483647;
			files = (
			);
			runOnlyForDeploymentPostprocessing = 0;
		};
/* End PBXFrameworksBuildPhase section */

/* Begin PBXGroup section */
		041696512A43E913006ACEBB = {
			isa = PBXGroup;
			children = (
				041696562A43E914006ACEBB /* Shared */,
				041696602A43E918006ACEBB /* iOS */,
				041696672A43E918006ACEBB /* macOS */,
				041696712A43E918006ACEBB /* Tests iOS */,
				0416967C2A43E918006ACEBB /* Tests macOS */,
				0416965F2A43E918006ACEBB /* Products */,
			);
			sourceTree = "<group>";
		};
		041696562A43E914006ACEBB /* Shared */ = {
			isa = PBXGroup;
			children = (
				041696572A43E914006ACEBB /* AApp.swift */,
				041696582A43E914006ACEBB /* ContentView.swift */,
				041696592A43E918006ACEBB /* Assets.xcassets */,
			);
			path = Shared;
			sourceTree = "<group>";
		};
		0416965F2A43E918006ACEBB /* Products */ = {
			isa = PBXGroup;
			children = (
				0416965E2A43E918006ACEBB /* A.app */,
				041696662A43E918006ACEBB /* A.app */,
				0416966E2A43E918006ACEBB /* Tests iOS.xctest */,
				041696792A43E918006ACEBB /* Tests macOS.xctest */,
			);
			name = Products;
			sourceTree = "<group>";
		};
		041696602A43E918006ACEBB /* iOS */ = {
			isa = PBXGroup;
			children = (
				041696612A43E918006ACEBB /* Info.plist */,
			);
			path = iOS;
			sourceTree = "<group>";
		};
		041696672A43E918006ACEBB /* macOS */ = {
			isa = PBXGroup;
			children = (
				041696682A43E918006ACEBB /* Info.plist */,
				041696692A43E918006ACEBB /* macOS.entitlements */,
			);
			path = macOS;
			sourceTree = "<group>";
		};
		041696712A43E918006ACEBB /* Tests iOS */ = {
			isa = PBXGroup;
			children = (
				041696722A43E918006ACEBB /* Tests_iOS.swift */,
				041696742A43E918006ACEBB /* Info.plist */,
			);
			path = "Tests iOS";
			sourceTree = "<group>";
		};
		0416967C2A43E918006ACEBB /* Tests macOS */ = {
			isa = PBXGroup;
			children = (
				0416967D2A43E918006ACEBB /* Tests_macOS.swift */,
				0416967F2A43E918006ACEBB /* Info.plist */,
			);
			path = "Tests macOS";
			sourceTree = "<group>";
		};
/* End PBXGroup section */

/* Begin PBXNativeTarget section */
		0416965D2A43E918006ACEBB /* A (iOS) */ = {
			isa = PBXNativeTarget;
			buildConfigurationList = 041696882A43E918006ACEBB /* Build configuration list for PBXNativeTarget "A (iOS)" */;
			buildPhases = (
				0416965A2A43E918006ACEBB /* Sources */,
				0416965B2A43E918006ACEBB /* Frameworks */,
				0416965C2A43E918006ACEBB /* Resources */,
			);
			buildRules = (
			);
			dependencies = (
			);
			name = "A (iOS)";
			productName = "A (iOS)";
			productReference = 0416965E2A43E918006ACEBB /* A.app */;
			productType = "com.apple.product-type.application";
		};
		041696652A43E918006ACEBB /* A (macOS) */ = {
			isa = PBXNativeTarget;
			buildConfigurationList = 0416968B2A43E918006ACEBB /* Build configuration list for PBXNativeTarget "A (macOS)" */;
			buildPhases = (
				041696622A43E918006ACEBB /* Sources */,
				041696632A43E918006ACEBB /* Frameworks */,
				041696642A43E918006ACEBB /* Resources */,
			);
			buildRules = (
			);
			dependencies = (
			);
			name = "A (macOS)";
			productName = "A (macOS)";
			productReference = 041696662A43E918006ACEBB /* A.app */;
			productType = "com.apple.product-type.application";
		};
		0416966D2A43E918006ACEBB /* Tests iOS */ = {
			isa = PBXNativeTarget;
			buildConfigurationList = 0416968E2A43E918006ACEBB /* Build configuration list for PBXNativeTarget "Tests iOS" */;
			buildPhases = (
				0416966A2A43E918006ACEBB /* Sources */,
				0416966B2A43E918006ACEBB /* Frameworks */,
				0416966C2A43E918006ACEBB /* Resources */,
			);
			buildRules = (
			);
			dependencies = (
				041696702A43E918006ACEBB /* PBXTargetDependency */,
			);
			name = "Tests iOS";
			productName = "Tests iOS";
			productReference = 0416966E2A43E918006ACEBB /* Tests iOS.xctest */;
			productType = "com.apple.product-type.bundle.ui-testing";
		};
		041696782A43E918006ACEBB /* Tests macOS */ = {
			isa = PBXNativeTarget;
			buildConfigurationList = 041696912A43E918006ACEBB /* Build configuration list for PBXNativeTarget "Tests macOS" */;
			buildPhases = (
				041696752A43E918006ACEBB /* Sources */,
				041696762A43E918006ACEBB /* Frameworks */,
				041696772A43E918006ACEBB /* Resources */,
			);
			buildRules = (
			);
			dependencies = (
				0416967B2A43E918006ACEBB /* PBXTargetDependency */,
			);
			name = "Tests macOS";
			productName = "Tests macOS";
			productReference = 041696792A43E918006ACEBB /* Tests macOS.xctest */;
			productType = "com.apple.product-type.bundle.ui-testing";
		};
/* End PBXNativeTarget section */

/* Begin PBXProject section */
		041696522A43E913006ACEBB /* Project object */ = {
			isa = PBXProject;
			attributes = {
				LastSwiftUpdateCheck = 1220;
				LastUpgradeCheck = 1220;
				TargetAttributes = {
					0416965D2A43E918006ACEBB = {
						CreatedOnToolsVersion = 12.2;
					};
					041696652A43E918006ACEBB = {
						CreatedOnToolsVersion = 12.2;
					};
					0416966D2A43E918006ACEBB = {
						CreatedOnToolsVersion = 12.2;
						TestTargetID = 0416965D2A43E918006ACEBB;
					};
					041696782A43E918006ACEBB = {
						CreatedOnToolsVersion = 12.2;
						TestTargetID = 041696652A43E918006ACEBB;
					};
				};
			};
			buildConfigurationList = 041696552A43E913006ACEBB /* Build configuration list for PBXProject "A" */;
			compatibilityVersion = "Xcode 9.3";
			developmentRegion = en;
			hasScannedForEncodings = 0;
			knownRegions = (
				en,
				Base,
			);
			mainGroup = 041696512A43E913006ACEBB;
			productRefGroup = 0416965F2A43E918006ACEBB /* Products */;
			projectDirPath = "";
			projectRoot = "";
			targets = (
				0416965D2A43E918006ACEBB /* A (iOS) */,
				041696652A43E918006ACEBB /* A (macOS) */,
				0416966D2A43E918006ACEBB /* Tests iOS */,
				041696782A43E918006ACEBB /* Tests macOS */,
			);
		};
/* End PBXProject section */

/* Begin PBXResourcesBuildPhase section */
		0416965C2A43E918006ACEBB /* Resources */ = {
			isa = PBXResourcesBuildPhase;
			buildActionMask = 2147483647;
			files = (
				041696842A43E918006ACEBB /* Assets.xcassets in Resources */,
			);
			runOnlyForDeploymentPostprocessing = 0;
		};
		041696642A43E918006ACEBB /* Resources */ = {
			isa = PBXResourcesBuildPhase;
			buildActionMask = 2147483647;
			files = (
				041696852A43E918006ACEBB /* Assets.xcassets in Resources */,
			);
			runOnlyForDeploymentPostprocessing = 0;
		};
		0416966C2A43E918006ACEBB /* Resources */ = {
			isa = PBXResourcesBuildPhase;
			buildActionMask = 2147483647;
			files = (
			);
			runOnlyForDeploymentPostprocessing = 0;
		};
		041696772A43E918006ACEBB /* Resources */ = {
			isa = PBXResourcesBuildPhase;
			buildActionMask = 2147483647;
			files = (
			);
			runOnlyForDeploymentPostprocessing = 0;
		};
/* End PBXResourcesBuildPhase section */

/* Begin PBXSourcesBuildPhase section */
		0416965A2A43E918006ACEBB /* Sources */ = {
			isa = PBXSourcesBuildPhase;
			buildActionMask = 2147483647;
			files = (
				041696822A43E918006ACEBB /* ContentView.swift in Sources */,
				041696802A43E918006ACEBB /* AApp.swift in Sources */,
			);
			runOnlyForDeploymentPostprocessing = 0;
		};
		041696622A43E918006ACEBB /* Sources */ = {
			isa = PBXSourcesBuildPhase;
			buildActionMask = 2147483647;
			files = (
				041696832A43E918006ACEBB /* ContentView.swift in Sources */,
				041696812A43E918006ACEBB /* AApp.swift in Sources */,
			);
			runOnlyForDeploymentPostprocessing = 0;
		};
		0416966A2A43E918006ACEBB /* Sources */ = {
			isa = PBXSourcesBuildPhase;
			buildActionMask = 2147483647;
			files = (
				041696732A43E918006ACEBB /* Tests_iOS.swift in Sources */,
			);
			runOnlyForDeploymentPostprocessing = 0;
		};
		041696752A43E918006ACEBB /* Sources */ = {
			isa = PBXSourcesBuildPhase;
			buildActionMask = 2147483647;
			files = (
				0416967E2A43E918006ACEBB /* Tests_macOS.swift in Sources */,
			);
			runOnlyForDeploymentPostprocessing = 0;
		};
/* End PBXSourcesBuildPhase section */

/* Begin PBXTargetDependency section */
		041696702A43E918006ACEBB /* PBXTargetDependency */ = {
			isa = PBXTargetDependency;
			target = 0416965D2A43E918006ACEBB /* A (iOS) */;
			targetProxy = 0416966F2A43E918006ACEBB /* PBXContainerItemProxy */;
		};
		0416967B2A43E918006ACEBB /* PBXTargetDependency */ = {
			isa = PBXTargetDependency;
			target = 041696652A43E918006ACEBB /* A (macOS) */;
			targetProxy = 0416967A2A43E918006ACEBB /* PBXContainerItemProxy */;
		};
/* End PBXTargetDependency section */

/* Begin XCBuildConfiguration section */
		041696862A43E918006ACEBB /* Debug */ = {
			isa = XCBuildConfiguration;
			buildSettings = {
				ALWAYS_SEARCH_USER_PATHS = NO;
				CLANG_ANALYZER_NONNULL = YES;
				CLANG_ANALYZER_NUMBER_OBJECT_CONVERSION = YES_AGGRESSIVE;
				CLANG_CXX_LANGUAGE_STANDARD = "gnu++14";
				CLANG_CXX_LIBRARY = "libc++";
				CLANG_ENABLE_MODULES = YES;
				CLANG_ENABLE_OBJC_ARC = YES;
				CLANG_ENABLE_OBJC_WEAK = YES;
				CLANG_WARN_BLOCK_CAPTURE_AUTORELEASING = YES;
				CLANG_WARN_BOOL_CONVERSION = YES;
				CLANG_WARN_COMMA = YES;
				CLANG_WARN_CONSTANT_CONVERSION = YES;
				CLANG_WARN_DEPRECATED_OBJC_IMPLEMENTATIONS = YES;
				CLANG_WARN_DIRECT_OBJC_ISA_USAGE = YES_ERROR;
				CLANG_WARN_DOCUMENTATION_COMMENTS = YES;
				CLANG_WARN_EMPTY_BODY = YES;
				CLANG_WARN_ENUM_CONVERSION = YES;
				CLANG_WARN_INFINITE_RECURSION = YES;
				CLANG_WARN_INT_CONVERSION = YES;
				CLANG_WARN_NON_LITERAL_NULL_CONVERSION = YES;
				CLANG_WARN_OBJC_IMPLICIT_RETAIN_SELF = YES;
				CLANG_WARN_OBJC_LITERAL_CONVERSION = YES;
				CLANG_WARN_OBJC_ROOT_CLASS = YES_ERROR;
				CLANG_WARN_QUOTED_INCLUDE_IN_FRAMEWORK_HEADER = YES;
				CLANG_WARN_RANGE_LOOP_ANALYSIS = YES;
				CLANG_WARN_STRICT_PROTOTYPES = YES;
				CLANG_WARN_SUSPICIOUS_MOVE = YES;
				CLANG_WARN_UNGUARDED_AVAILABILITY = YES_AGGRESSIVE;
				CLANG_WARN_UNREACHABLE_CODE = YES;
				CLANG_WARN__DUPLICATE_METHOD_MATCH = YES;
				COPY_PHASE_STRIP = NO;
				DEBUG_INFORMATION_FORMAT = dwarf;
				ENABLE_STRICT_OBJC_MSGSEND = YES;
				ENABLE_TESTABILITY = YES;
				GCC_C_LANGUAGE_STANDARD = gnu11;
				GCC_DYNAMIC_NO_PIC = NO;
				GCC_NO_COMMON_BLOCKS = YES;
				GCC_OPTIMIZATION_LEVEL = 0;
				GCC_PREPROCESSOR_DEFINITIONS = (
					"DEBUG=1",
					"$(inherited)",
				);
				GCC_WARN_64_TO_32_BIT_CONVERSION = YES;
				GCC_WARN_ABOUT_RETURN_TYPE = YES_ERROR;
				GCC_WARN_UNDECLARED_SELECTOR = YES;
				GCC_WARN_UNINITIALIZED_AUTOS = YES_AGGRESSIVE;
				GCC_WARN_UNUSED_FUNCTION = YES;
				GCC_WARN_UNUSED_VARIABLE = YES;
				MTL_ENABLE_DEBUG_INFO = INCLUDE_SOURCE;
				MTL_FAST_MATH = YES;
				ONLY_ACTIVE_ARCH = YES;
				SWIFT_ACTIVE_COMPILATION_CONDITIONS = DEBUG;
				SWIFT_OPTIMIZATION_LEVEL = "-Onone";
			};
			name = Debug;
		};
		041696872A43E918006ACEBB /* Release */ = {
			isa = XCBuildConfiguration;
			buildSettings = {
				ALWAYS_SEARCH_USER_PATHS = NO;
				CLANG_ANALYZER_NONNULL = YES;
				CLANG_ANALYZER_NUMBER_OBJECT_CONVERSION = YES_AGGRESSIVE;
				CLANG_CXX_LANGUAGE_STANDARD = "gnu++14";
				CLANG_CXX_LIBRARY = "libc++";
				CLANG_ENABLE_MODULES = YES;
				CLANG_ENABLE_OBJC_ARC = YES;
				CLANG_ENABLE_OBJC_WEAK = YES;
				CLANG_WARN_BLOCK_CAPTURE_AUTORELEASING = YES;
				CLANG_WARN_BOOL_CONVERSION = YES;
				CLANG_WARN_COMMA = YES;
				CLANG_WARN_CONSTANT_CONVERSION = YES;
				CLANG_WARN_DEPRECATED_OBJC_IMPLEMENTATIONS = YES;
				CLANG_WARN_DIRECT_OBJC_ISA_USAGE = YES_ERROR;
				CLANG_WARN_DOCUMENTATION_COMMENTS = YES;
				CLANG_WARN_EMPTY_BODY = YES;
				CLANG_WARN_ENUM_CONVERSION = YES;
				CLANG_WARN_INFINITE_RECURSION = YES;
				CLANG_WARN_INT_CONVERSION = YES;
				CLANG_WARN_NON_LITERAL_NULL_CONVERSION = YES;
				CLANG_WARN_OBJC_IMPLICIT_RETAIN_SELF = YES;
				CLANG_WARN_OBJC_LITERAL_CONVERSION = YES;
				CLANG_WARN_OBJC_ROOT_CLASS = YES_ERROR;
				CLANG_WARN_QUOTED_INCLUDE_IN_FRAMEWORK_HEADER = YES;
				CLANG_WARN_RANGE_LOOP_ANALYSIS = YES;
				CLANG_WARN_STRICT_PROTOTYPES = YES;
				CLANG_WARN_SUSPICIOUS_MOVE = YES;
				CLANG_WARN_UNGUARDED_AVAILABILITY = YES_AGGRESSIVE;
				CLANG_WARN_UNREACHABLE_CODE = YES;
				CLANG_WARN__DUPLICATE_METHOD_MATCH = YES;
				COPY_PHASE_STRIP = NO;
				DEBUG_INFORMATION_FORMAT = "dwarf-with-dsym";
				ENABLE_NS_ASSERTIONS = NO;
				ENABLE_STRICT_OBJC_MSGSEND = YES;
				GCC_C_LANGUAGE_STANDARD = gnu11;
				GCC_NO_COMMON_BLOCKS = YES;
				GCC_WARN_64_TO_32_BIT_CONVERSION = YES;
				GCC_WARN_ABOUT_RETURN_TYPE = YES_ERROR;
				GCC_WARN_UNDECLARED_SELECTOR = YES;
				GCC_WARN_UNINITIALIZED_AUTOS = YES_AGGRESSIVE;
				GCC_WARN_UNUSED_FUNCTION = YES;
				GCC_WARN_UNUSED_VARIABLE = YES;
				MTL_ENABLE_DEBUG_INFO = NO;
				MTL_FAST_MATH = YES;
				SWIFT_COMPILATION_MODE = wholemodule;
				SWIFT_OPTIMIZATION_LEVEL = "-O";
			};
			name = Release;
		};
		041696892A43E918006ACEBB /* Debug */ = {
			isa = XCBuildConfiguration;
			buildSettings = {
				ASSETCATALOG_COMPILER_APPICON_NAME = AppIcon;
				ASSETCATALOG_COMPILER_GLOBAL_ACCENT_COLOR_NAME = AccentColor;
				CODE_SIGN_STYLE = Automatic;
				DEVELOPMENT_TEAM = G6TV66F89P;
				ENABLE_PREVIEWS = YES;
				INFOPLIST_FILE = iOS/Info.plist;
				IPHONEOS_DEPLOYMENT_TARGET = 14.0;
				LD_RUNPATH_SEARCH_PATHS = (
					"$(inherited)",
					"@executable_path/Frameworks",
				);
				PRODUCT_BUNDLE_IDENTIFIER = ahmedhussainnn.A;
				PRODUCT_NAME = A;
				SDKROOT = iphoneos;
				SWIFT_VERSION = 5.0;
				TARGETED_DEVICE_FAMILY = "1,2";
			};
			name = Debug;
		};
		0416968A2A43E918006ACEBB /* Release */ = {
			isa = XCBuildConfiguration;
			buildSettings = {
				ASSETCATALOG_COMPILER_APPICON_NAME = AppIcon;
				ASSETCATALOG_COMPILER_GLOBAL_ACCENT_COLOR_NAME = AccentColor;
				CODE_SIGN_STYLE = Automatic;
				DEVELOPMENT_TEAM = G6TV66F89P;
				ENABLE_PREVIEWS = YES;
				INFOPLIST_FILE = iOS/Info.plist;
				IPHONEOS_DEPLOYMENT_TARGET = 14.0;
				LD_RUNPATH_SEARCH_PATHS = (
					"$(inherited)",
					"@executable_path/Frameworks",
				);
				PRODUCT_BUNDLE_IDENTIFIER = ahmedhussainnn.A;
				PRODUCT_NAME = A;
				SDKROOT = iphoneos;
				SWIFT_VERSION = 5.0;
				TARGETED_DEVICE_FAMILY = "1,2";
				VALIDATE_PRODUCT = YES;
			};
			name = Release;
		};
		0416968C2A43E918006ACEBB /* Debug */ = {
			isa = XCBuildConfiguration;
			buildSettings = {
				ASSETCATALOG_COMPILER_APPICON_NAME = AppIcon;
				ASSETCATALOG_COMPILER_GLOBAL_ACCENT_COLOR_NAME = AccentColor;
				CODE_SIGN_ENTITLEMENTS = macOS/macOS.entitlements;
				CODE_SIGN_STYLE = Automatic;
				COMBINE_HIDPI_IMAGES = YES;
				DEVELOPMENT_TEAM = G6TV66F89P;
				ENABLE_HARDENED_RUNTIME = YES;
				ENABLE_PREVIEWS = YES;
				INFOPLIST_FILE = macOS/Info.plist;
				LD_RUNPATH_SEARCH_PATHS = (
					"$(inherited)",
					"@executable_path/../Frameworks",
				);
				MACOSX_DEPLOYMENT_TARGET = 11.0;
				PRODUCT_BUNDLE_IDENTIFIER = ahmedhussainnn.A;
				PRODUCT_NAME = A;
				SDKROOT = macosx;
				SWIFT_VERSION = 5.0;
			};
			name = Debug;
		};
		0416968D2A43E918006ACEBB /* Release */ = {
			isa = XCBuildConfiguration;
			buildSettings = {
				ASSETCATALOG_COMPILER_APPICON_NAME = AppIcon;
				ASSETCATALOG_COMPILER_GLOBAL_ACCENT_COLOR_NAME = AccentColor;
				CODE_SIGN_ENTITLEMENTS = macOS/macOS.entitlements;
				CODE_SIGN_STYLE = Automatic;
				COMBINE_HIDPI_IMAGES = YES;
				DEVELOPMENT_TEAM = G6TV66F89P;
				ENABLE_HARDENED_RUNTIME = YES;
				ENABLE_PREVIEWS = YES;
				INFOPLIST_FILE = macOS/Info.plist;
				LD_RUNPATH_SEARCH_PATHS = (
					"$(inherited)",
					"@executable_path/../Frameworks",
				);
				MACOSX_DEPLOYMENT_TARGET = 11.0;
				PRODUCT_BUNDLE_IDENTIFIER = ahmedhussainnn.A;
				PRODUCT_NAME = A;
				SDKROOT = macosx;
				SWIFT_VERSION = 5.0;
			};
			name = Release;
		};
		0416968F2A43E918006ACEBB /* Debug */ = {
			isa = XCBuildConfiguration;
			buildSettings = {
				ALWAYS_EMBED_SWIFT_STANDARD_LIBRARIES = YES;
				CODE_SIGN_STYLE = Automatic;
				DEVELOPMENT_TEAM = G6TV66F89P;
				INFOPLIST_FILE = "Tests iOS/Info.plist";
				IPHONEOS_DEPLOYMENT_TARGET = 14.2;
				LD_RUNPATH_SEARCH_PATHS = (
					"$(inherited)",
					"@executable_path/Frameworks",
					"@loader_path/Frameworks",
				);
				PRODUCT_BUNDLE_IDENTIFIER = "ahmedhussainnn.Tests-iOS";
				PRODUCT_NAME = "$(TARGET_NAME)";
				SDKROOT = iphoneos;
				SWIFT_VERSION = 5.0;
				TARGETED_DEVICE_FAMILY = "1,2";
				TEST_TARGET_NAME = "A (iOS)";
			};
			name = Debug;
		};
		041696902A43E918006ACEBB /* Release */ = {
			isa = XCBuildConfiguration;
			buildSettings = {
				ALWAYS_EMBED_SWIFT_STANDARD_LIBRARIES = YES;
				CODE_SIGN_STYLE = Automatic;
				DEVELOPMENT_TEAM = G6TV66F89P;
				INFOPLIST_FILE = "Tests iOS/Info.plist";
				IPHONEOS_DEPLOYMENT_TARGET = 14.2;
				LD_RUNPATH_SEARCH_PATHS = (
					"$(inherited)",
					"@executable_path/Frameworks",
					"@loader_path/Frameworks",
				);
				PRODUCT_BUNDLE_IDENTIFIER = "ahmedhussainnn.Tests-iOS";
				PRODUCT_NAME = "$(TARGET_NAME)";
				SDKROOT = iphoneos;
				SWIFT_VERSION = 5.0;
				TARGETED_DEVICE_FAMILY = "1,2";
				TEST_TARGET_NAME = "A (iOS)";
				VALIDATE_PRODUCT = YES;
			};
			name = Release;
		};
		041696922A43E918006ACEBB /* Debug */ = {
			isa = XCBuildConfiguration;
			buildSettings = {
				ALWAYS_EMBED_SWIFT_STANDARD_LIBRARIES = YES;
				CODE_SIGN_STYLE = Automatic;
				COMBINE_HIDPI_IMAGES = YES;
				DEVELOPMENT_TEAM = G6TV66F89P;
				INFOPLIST_FILE = "Tests macOS/Info.plist";
				LD_RUNPATH_SEARCH_PATHS = (
					"$(inherited)",
					"@executable_path/../Frameworks",
					"@loader_path/../Frameworks",
				);
				MACOSX_DEPLOYMENT_TARGET = 11.0;
				PRODUCT_BUNDLE_IDENTIFIER = "ahmedhussainnn.Tests-macOS";
				PRODUCT_NAME = "$(TARGET_NAME)";
				SDKROOT = macosx;
				SWIFT_VERSION = 5.0;
				TEST_TARGET_NAME = "A (macOS)";
			};
			name = Debug;
		};
		041696932A43E918006ACEBB /* Release */ = {
			isa = XCBuildConfiguration;
			buildSettings = {
				ALWAYS_EMBED_SWIFT_STANDARD_LIBRARIES = YES;
				CODE_SIGN_STYLE = Automatic;
				COMBINE_HIDPI_IMAGES = YES;
				DEVELOPMENT_TEAM = G6TV66F89P;
				INFOPLIST_FILE = "Tests macOS/Info.plist";
				LD_RUNPATH_SEARCH_PATHS = (
					"$(inherited)",
					"@executable_path/../Frameworks",
					"@loader_path/../Frameworks",
				);
				MACOSX_DEPLOYMENT_TARGET = 11.0;
				PRODUCT_BUNDLE_IDENTIFIER = "ahmedhussainnn.Tests-macOS";
				PRODUCT_NAME = "$(TARGET_NAME)";
				SDKROOT = macosx;
				SWIFT_VERSION = 5.0;
				TEST_TARGET_NAME = "A (macOS)";
			};
			name = Release;
		};
/* End XCBuildConfiguration section */

/* Begin XCConfigurationList section */
		041696552A43E913006ACEBB /* Build configuration list for PBXProject "A" */ = {
			isa = XCConfigurationList;
			buildConfigurations = (
				041696862A43E918006ACEBB /* Debug */,
				041696872A43E918006ACEBB /* Release */,
			);
			defaultConfigurationIsVisible = 0;
			defaultConfigurationName = Release;
		};
		041696882A43E918006ACEBB /* Build configuration list for PBXNativeTarget "A (iOS)" */ = {
			isa = XCConfigurationList;
			buildConfigurations = (
				041696892A43E918006ACEBB /* Debug */,
				0416968A2A43E918006ACEBB /* Release */,
			);
			defaultConfigurationIsVisible = 0;
			defaultConfigurationName = Release;
		};
		0416968B2A43E918006ACEBB /* Build configuration list for PBXNativeTarget "A (macOS)" */ = {
			isa = XCConfigurationList;
			buildConfigurations = (
				0416968C2A43E918006ACEBB /* Debug */,
				0416968D2A43E918006ACEBB /* Release */,
			);
			defaultConfigurationIsVisible = 0;
			defaultConfigurationName = Release;
		};
		0416968E2A43E918006ACEBB /* Build configuration list for PBXNativeTarget "Tests iOS" */ = {
			isa = XCConfigurationList;
			buildConfigurations = (
				0416968F2A43E918006ACEBB /* Debug */,
				041696902A43E918006ACEBB /* Release */,
			);
			defaultConfigurationIsVisible = 0;
			defaultConfigurationName = Release;
		};
		041696912A43E918006ACEBB /* Build configuration list for PBXNativeTarget "Tests macOS" */ = {
			isa = XCConfigurationList;
			buildConfigurations = (
				041696922A43E918006ACEBB /* Debug */,
				041696932A43E918006ACEBB /* Release */,
			);
			defaultConfigurationIsVisible = 0;
			defaultConfigurationName = Release;
		};
/* End XCConfigurationList section */
	};
	rootObject = 041696522A43E913006ACEBB /* Project object */;
}
